
Microsoft Visual Studio Solution File, Format Version 12.00
# Visual Studio Version 16
VisualStudioVersion = 16.0.30611.23
MinimumVisualStudioVersion = 10.0.40219.1
Project("{FAE04EC0-301F-11D3-BF4B-00C04F79EFBC}") = "DAL", "DAL\DAL.csproj", "{4631715D-914F-4438-A2BD-08D48782B543}"
EndProject
Project("{FAE04EC0-301F-11D3-BF4B-00C04F79EFBC}") = "ModbusTest", "ModbusTest\ModbusTest.csproj", "{0FB6134A-1490-4B12-B0CF-96CFBCF3A895}"
EndProject
Global
	GlobalSection(SolutionConfigurationPlatforms) = preSolution
		Debug|Any CPU = Debug|Any CPU
		Release|Any CPU = Release|Any CPU
	EndGlobalSection
	GlobalSection(ProjectConfigurationPlatforms) = postSolution
		{4631715D-914F-4438-A2BD-08D48782B543}.Debug|Any CPU.ActiveCfg = Debug|Any CPU
		{4631715D-914F-4438-A2BD-08D48782B543}.Debug|Any CPU.Build.0 = Debug|Any CPU
		{4631715D-914F-4438-A2BD-08D48782B543}.Release|Any CPU.ActiveCfg = Release|Any CPU
		{4631715D-914F-4438-A2BD-08D48782B543}.Release|Any CPU.Build.0 = Release|Any CPU
		{0FB6134A-1490-4B12-B0CF-96CFBCF3A895}.Debug|Any CPU.ActiveCfg = Debug|Any CPU
		{0FB6134A-1490-4B12-B0CF-96CFBCF3A895}.Debug|Any CPU.Build.0 = Debug|Any CPU
		{0FB6134A-1490-4B12-B0CF-96CFBCF3A895}.Release|Any CPU.ActiveCfg = Release|Any CPU
		{0FB6134A-1490-4B12-B0CF-96CFBCF3A895}.Release|Any CPU.Build.0 = Release|Any CPU
	EndGlobalSection
	GlobalSection(SolutionProperties) = preSolution
		HideSolutionNode = FALSE
	EndGlobalSection
	GlobalSection(ExtensibilityGlobals) = postSolution
		SolutionGuid = {8532BB62-6932-4B18-8302-B4D9BE8C901A}
	EndGlobalSection
EndGlobal
